
Microsoft Visual Studio Solution File, Format Version 12.00
# Visual Studio Version 16
VisualStudioVersion = 16.0.31019.35
MinimumVisualStudioVersion = 10.0.40219.1
Project("{FAE04EC0-301F-11D3-BF4B-00C04F79EFBC}") = "Lab3.1", "Lab3.1\Lab3.1.csproj", "{9859772C-DF7B-4F7D-B75B-A6A587FE4F56}"
EndProject
Global
	GlobalSection(SolutionConfigurationPlatforms) = preSolution
		Debug|Any CPU = Debug|Any CPU
		Release|Any CPU = Release|Any CPU
	EndGlobalSection
	GlobalSection(ProjectConfigurationPlatforms) = postSolution
		{9859772C-DF7B-4F7D-B75B-A6A587FE4F56}.Debug|Any CPU.ActiveCfg = Debug|Any CPU
		{9859772C-DF7B-4F7D-B75B-A6A587FE4F56}.Debug|Any CPU.Build.0 = Debug|Any CPU
		{9859772C-DF7B-4F7D-B75B-A6A587FE4F56}.Release|Any CPU.ActiveCfg = Release|Any CPU
		{9859772C-DF7B-4F7D-B75B-A6A587FE4F56}.Release|Any CPU.Build.0 = Release|Any CPU
	EndGlobalSection
	GlobalSection(SolutionProperties) = preSolution
		HideSolutionNode = FALSE
	EndGlobalSection
	GlobalSection(ExtensibilityGlobals) = postSolution
		SolutionGuid = {7FAB4B6C-D612-45D6-9716-C608AE543A19}
	EndGlobalSection
EndGlobal
